
Microsoft Visual Studio Solution File, Format Version 12.00
# Visual Studio Version 17
VisualStudioVersion = 17.7.33808.371
MinimumVisualStudioVersion = 10.0.40219.1
Project("{FAE04EC0-301F-11D3-BF4B-00C04F79EFBC}") = "DemoAspNetCore", "DemoAspNetCore.csproj", "{E059FBC2-1571-4E28-8179-EAE1E7CF720B}"
EndProject
Global
	GlobalSection(SolutionConfigurationPlatforms) = preSolution
		Debug|Any CPU = Debug|Any CPU
		Release|Any CPU = Release|Any CPU
	EndGlobalSection
	GlobalSection(ProjectConfigurationPlatforms) = postSolution
		{E059FBC2-1571-4E28-8179-EAE1E7CF720B}.Debug|Any CPU.ActiveCfg = Debug|Any CPU
		{E059FBC2-1571-4E28-8179-EAE1E7CF720B}.Debug|Any CPU.Build.0 = Debug|Any CPU
		{E059FBC2-1571-4E28-8179-EAE1E7CF720B}.Release|Any CPU.ActiveCfg = Release|Any CPU
		{E059FBC2-1571-4E28-8179-EAE1E7CF720B}.Release|Any CPU.Build.0 = Release|Any CPU
	EndGlobalSection
	GlobalSection(SolutionProperties) = preSolution
		HideSolutionNode = FALSE
	EndGlobalSection
	GlobalSection(ExtensibilityGlobals) = postSolution
		SolutionGuid = {530A4B4B-72AF-4F33-A817-9462689B645B}
	EndGlobalSection
EndGlobal
